// !$*UTF8*$!
{
	archiveVersion = 1;
	classes = {
	};
	objectVersion = 51;
	objects = {

/* Begin PBXBuildFile section */
		5BEE32F823E2ACDD0038FE6C /* GoogleService-Info.plist in Resources */ = {isa = PBXBuildFile; fileRef = 5BEE32F723E2ACDD0038FE6C /* GoogleService-Info.plist */; };
		ADF31FF923E2AA30008CF7DB /* Podfile in Resources */ = {isa = PBXBuildFile; fileRef = ADF31FF823E2AA30008CF7DB /* Podfile */; };
		C550723723DE2202006DFA37 /* AppDelegate.swift in Sources */ = {isa = PBXBuildFile; fileRef = C550723623DE2202006DFA37 /* AppDelegate.swift */; };
		C550723923DE2202006DFA37 /* SceneDelegate.swift in Sources */ = {isa = PBXBuildFile; fileRef = C550723823DE2202006DFA37 /* SceneDelegate.swift */; };
		C550723B23DE2202006DFA37 /* ViewController.swift in Sources */ = {isa = PBXBuildFile; fileRef = C550723A23DE2202006DFA37 /* ViewController.swift */; };
		C550723E23DE2202006DFA37 /* Main.storyboard in Resources */ = {isa = PBXBuildFile; fileRef = C550723C23DE2202006DFA37 /* Main.storyboard */; };
		C550724023DE2205006DFA37 /* Assets.xcassets in Resources */ = {isa = PBXBuildFile; fileRef = C550723F23DE2205006DFA37 /* Assets.xcassets */; };
		C550724323DE2205006DFA37 /* LaunchScreen.storyboard in Resources */ = {isa = PBXBuildFile; fileRef = C550724123DE2205006DFA37 /* LaunchScreen.storyboard */; };
		CC6DC2A9B28C6DD5746A7F0A /* Pods_AggieCashStudent.framework in Frameworks */ = {isa = PBXBuildFile; fileRef = 28B5EDF0D35393AE23496DBB /* Pods_AggieCashStudent.framework */; };
/* End PBXBuildFile section */

/* Begin PBXFileReference section */
		28B5EDF0D35393AE23496DBB /* Pods_AggieCashStudent.framework */ = {isa = PBXFileReference; explicitFileType = wrapper.framework; includeInIndex = 0; path = Pods_AggieCashStudent.framework; sourceTree = BUILT_PRODUCTS_DIR; };
		5BEE32F723E2ACDD0038FE6C /* GoogleService-Info.plist */ = {isa = PBXFileReference; lastKnownFileType = text.plist; path = "GoogleService-Info.plist"; sourceTree = SOURCE_ROOT; };
		7285358FF1621993D1DCDFAC /* Pods-AggieCashStudent.release.xcconfig */ = {isa = PBXFileReference; includeInIndex = 1; lastKnownFileType = text.xcconfig; name = "Pods-AggieCashStudent.release.xcconfig"; path = "Target Support Files/Pods-AggieCashStudent/Pods-AggieCashStudent.release.xcconfig"; sourceTree = "<group>"; };
		ADF31FF823E2AA30008CF7DB /* Podfile */ = {isa = PBXFileReference; fileEncoding = 4; lastKnownFileType = text; path = Podfile; sourceTree = SOURCE_ROOT; };
		B67B1A559C5C9B6D5D31C664 /* Pods-AggieCashStudent.debug.xcconfig */ = {isa = PBXFileReference; includeInIndex = 1; lastKnownFileType = text.xcconfig; name = "Pods-AggieCashStudent.debug.xcconfig"; path = "Target Support Files/Pods-AggieCashStudent/Pods-AggieCashStudent.debug.xcconfig"; sourceTree = "<group>"; };
		C550723323DE2202006DFA37 /* AggieCashStudent.app */ = {isa = PBXFileReference; explicitFileType = wrapper.application; includeInIndex = 0; path = AggieCashStudent.app; sourceTree = BUILT_PRODUCTS_DIR; };
		C550723623DE2202006DFA37 /* AppDelegate.swift */ = {isa = PBXFileReference; lastKnownFileType = sourcecode.swift; path = AppDelegate.swift; sourceTree = "<group>"; };
		C550723823DE2202006DFA37 /* SceneDelegate.swift */ = {isa = PBXFileReference; lastKnownFileType = sourcecode.swift; path = SceneDelegate.swift; sourceTree = "<group>"; };
		C550723A23DE2202006DFA37 /* ViewController.swift */ = {isa = PBXFileReference; lastKnownFileType = sourcecode.swift; path = ViewController.swift; sourceTree = "<group>"; };
		C550723D23DE2202006DFA37 /* Base */ = {isa = PBXFileReference; lastKnownFileType = file.storyboard; name = Base; path = Base.lproj/Main.storyboard; sourceTree = "<group>"; };
		C550723F23DE2205006DFA37 /* Assets.xcassets */ = {isa = PBXFileReference; lastKnownFileType = folder.assetcatalog; path = Assets.xcassets; sourceTree = "<group>"; };
		C550724223DE2205006DFA37 /* Base */ = {isa = PBXFileReference; lastKnownFileType = file.storyboard; name = Base; path = Base.lproj/LaunchScreen.storyboard; sourceTree = "<group>"; };
		C550724423DE2205006DFA37 /* Info.plist */ = {isa = PBXFileReference; lastKnownFileType = text.plist.xml; path = Info.plist; sourceTree = "<group>"; };
/* End PBXFileReference section */

/* Begin PBXFrameworksBuildPhase section */
		C550723023DE2202006DFA37 /* Frameworks */ = {
			isa = PBXFrameworksBuildPhase;
			buildActionMask = 2147483647;
			files = (
				CC6DC2A9B28C6DD5746A7F0A /* Pods_AggieCashStudent.framework in Frameworks */,
			);
			runOnlyForDeploymentPostprocessing = 0;
		};
/* End PBXFrameworksBuildPhase section */

/* Begin PBXGroup section */
		4D7DBC121380DEFC518AF28C /* Pods */ = {
			isa = PBXGroup;
			children = (
				B67B1A559C5C9B6D5D31C664 /* Pods-AggieCashStudent.debug.xcconfig */,
				7285358FF1621993D1DCDFAC /* Pods-AggieCashStudent.release.xcconfig */,
			);
			path = Pods;
			sourceTree = "<group>";
		};
		C550722A23DE2202006DFA37 = {
			isa = PBXGroup;
			children = (
				C550723523DE2202006DFA37 /* AggieCashStudent */,
				C550723423DE2202006DFA37 /* Products */,
				4D7DBC121380DEFC518AF28C /* Pods */,
				F408710AA66898F497D2B647 /* Frameworks */,
			);
			sourceTree = "<group>";
		};
		C550723423DE2202006DFA37 /* Products */ = {
			isa = PBXGroup;
			children = (
				C550723323DE2202006DFA37 /* AggieCashStudent.app */,
			);
			name = Products;
			sourceTree = "<group>";
		};
		C550723523DE2202006DFA37 /* AggieCashStudent */ = {
			isa = PBXGroup;
			children = (
				ADF31FF823E2AA30008CF7DB /* Podfile */,
				C550723623DE2202006DFA37 /* AppDelegate.swift */,
				C550723823DE2202006DFA37 /* SceneDelegate.swift */,
				C550723A23DE2202006DFA37 /* ViewController.swift */,
				C550723C23DE2202006DFA37 /* Main.storyboard */,
				C550723F23DE2205006DFA37 /* Assets.xcassets */,
				C550724123DE2205006DFA37 /* LaunchScreen.storyboard */,
				C550724423DE2205006DFA37 /* Info.plist */,
				5BEE32F723E2ACDD0038FE6C /* GoogleService-Info.plist */,
			);
			path = AggieCashStudent;
			sourceTree = "<group>";
		};
		F408710AA66898F497D2B647 /* Frameworks */ = {
			isa = PBXGroup;
			children = (
				28B5EDF0D35393AE23496DBB /* Pods_AggieCashStudent.framework */,
			);
			name = Frameworks;
			sourceTree = "<group>";
		};
/* End PBXGroup section */

/* Begin PBXNativeTarget section */
		C550723223DE2202006DFA37 /* AggieCashStudent */ = {
			isa = PBXNativeTarget;
			buildConfigurationList = C550724723DE2205006DFA37 /* Build configuration list for PBXNativeTarget "AggieCashStudent" */;
			buildPhases = (
				B764C635E11241BC80BD216D /* [CP] Check Pods Manifest.lock */,
				C550722F23DE2202006DFA37 /* Sources */,
				C550723023DE2202006DFA37 /* Frameworks */,
				C550723123DE2202006DFA37 /* Resources */,
				D474BA5D2FBC6DA03E2249D9 /* [CP] Embed Pods Frameworks */,
			);
			buildRules = (
			);
			dependencies = (
			);
			name = AggieCashStudent;
			productName = AggieCashStudent;
			productReference = C550723323DE2202006DFA37 /* AggieCashStudent.app */;
			productType = "com.apple.product-type.application";
		};
/* End PBXNativeTarget section */

/* Begin PBXProject section */
		C550722B23DE2202006DFA37 /* Project object */ = {
			isa = PBXProject;
			attributes = {
				LastSwiftUpdateCheck = 1130;
				LastUpgradeCheck = 1130;
				ORGANIZATIONNAME = AggieCashStudent;
				TargetAttributes = {
					C550723223DE2202006DFA37 = {
						CreatedOnToolsVersion = 11.3.1;
					};
				};
			};
			buildConfigurationList = C550722E23DE2202006DFA37 /* Build configuration list for PBXProject "AggieCashStudent" */;
			compatibilityVersion = "Xcode 9.3";
			developmentRegion = en;
			hasScannedForEncodings = 0;
			knownRegions = (
				en,
				Base,
			);
			mainGroup = C550722A23DE2202006DFA37;
			productRefGroup = C550723423DE2202006DFA37 /* Products */;
			projectDirPath = "";
			projectRoot = "";
			targets = (
				C550723223DE2202006DFA37 /* AggieCashStudent */,
			);
		};
/* End PBXProject section */

/* Begin PBXResourcesBuildPhase section */
		C550723123DE2202006DFA37 /* Resources */ = {
			isa = PBXResourcesBuildPhase;
			buildActionMask = 2147483647;
			files = (
				C550724323DE2205006DFA37 /* LaunchScreen.storyboard in Resources */,
				C550724023DE2205006DFA37 /* Assets.xcassets in Resources */,
				5BEE32F823E2ACDD0038FE6C /* GoogleService-Info.plist in Resources */,
				ADF31FF923E2AA30008CF7DB /* Podfile in Resources */,
				C550723E23DE2202006DFA37 /* Main.storyboard in Resources */,
			);
			runOnlyForDeploymentPostprocessing = 0;
		};
/* End PBXResourcesBuildPhase section */

/* Begin PBXShellScriptBuildPhase section */
		B764C635E11241BC80BD216D /* [CP] Check Pods Manifest.lock */ = {
			isa = PBXShellScriptBuildPhase;
			buildActionMask = 2147483647;
			files = (
			);
			inputFileListPaths = (
			);
			inputPaths = (
				"${PODS_PODFILE_DIR_PATH}/Podfile.lock",
				"${PODS_ROOT}/Manifest.lock",
			);
			name = "[CP] Check Pods Manifest.lock";
			outputFileListPaths = (
			);
			outputPaths = (
				"$(DERIVED_FILE_DIR)/Pods-AggieCashStudent-checkManifestLockResult.txt",
			);
			runOnlyForDeploymentPostprocessing = 0;
			shellPath = /bin/sh;
			shellScript = "diff \"${PODS_PODFILE_DIR_PATH}/Podfile.lock\" \"${PODS_ROOT}/Manifest.lock\" > /dev/null\nif [ $? != 0 ] ; then\n    # print error to STDERR\n    echo \"error: The sandbox is not in sync with the Podfile.lock. Run 'pod install' or update your CocoaPods installation.\" >&2\n    exit 1\nfi\n# This output is used by Xcode 'outputs' to avoid re-running this script phase.\necho \"SUCCESS\" > \"${SCRIPT_OUTPUT_FILE_0}\"\n";
			showEnvVarsInLog = 0;
		};
		D474BA5D2FBC6DA03E2249D9 /* [CP] Embed Pods Frameworks */ = {
			isa = PBXShellScriptBuildPhase;
			buildActionMask = 2147483647;
			files = (
			);
			inputFileListPaths = (
				"${PODS_ROOT}/Target Support Files/Pods-AggieCashStudent/Pods-AggieCashStudent-frameworks-${CONFIGURATION}-input-files.xcfilelist",
			);
			name = "[CP] Embed Pods Frameworks";
			outputFileListPaths = (
				"${PODS_ROOT}/Target Support Files/Pods-AggieCashStudent/Pods-AggieCashStudent-frameworks-${CONFIGURATION}-output-files.xcfilelist",
			);
			runOnlyForDeploymentPostprocessing = 0;
			shellPath = /bin/sh;
			shellScript = "\"${PODS_ROOT}/Target Support Files/Pods-AggieCashStudent/Pods-AggieCashStudent-frameworks.sh\"\n";
			showEnvVarsInLog = 0;
		};
/* End PBXShellScriptBuildPhase section */

/* Begin PBXSourcesBuildPhase section */
		C550722F23DE2202006DFA37 /* Sources */ = {
			isa = PBXSourcesBuildPhase;
			buildActionMask = 2147483647;
			files = (
				C550723B23DE2202006DFA37 /* ViewController.swift in Sources */,
				C550723723DE2202006DFA37 /* AppDelegate.swift in Sources */,
				C550723923DE2202006DFA37 /* SceneDelegate.swift in Sources */,
			);
			runOnlyForDeploymentPostprocessing = 0;
		};
/* End PBXSourcesBuildPhase section */

/* Begin PBXVariantGroup section */
		C550723C23DE2202006DFA37 /* Main.storyboard */ = {
			isa = PBXVariantGroup;
			children = (
				C550723D23DE2202006DFA37 /* Base */,
			);
			name = Main.storyboard;
			sourceTree = "<group>";
		};
		C550724123DE2205006DFA37 /* LaunchScreen.storyboard */ = {
			isa = PBXVariantGroup;
			children = (
				C550724223DE2205006DFA37 /* Base */,
			);
			name = LaunchScreen.storyboard;
			sourceTree = "<group>";
		};
/* End PBXVariantGroup section */

/* Begin XCBuildConfiguration section */
		C550724523DE2205006DFA37 /* Debug */ = {
			isa = XCBuildConfiguration;
			buildSettings = {
				ALWAYS_SEARCH_USER_PATHS = NO;
				CLANG_ANALYZER_NONNULL = YES;
				CLANG_ANALYZER_NUMBER_OBJECT_CONVERSION = YES_AGGRESSIVE;
				CLANG_CXX_LANGUAGE_STANDARD = "gnu++14";
				CLANG_CXX_LIBRARY = "libc++";
				CLANG_ENABLE_MODULES = YES;
				CLANG_ENABLE_OBJC_ARC = YES;
				CLANG_ENABLE_OBJC_WEAK = YES;
				CLANG_WARN_BLOCK_CAPTURE_AUTORELEASING = YES;
				CLANG_WARN_BOOL_CONVERSION = YES;
				CLANG_WARN_COMMA = YES;
				CLANG_WARN_CONSTANT_CONVERSION = YES;
				CLANG_WARN_DEPRECATED_OBJC_IMPLEMENTATIONS = YES;
				CLANG_WARN_DIRECT_OBJC_ISA_USAGE = YES_ERROR;
				CLANG_WARN_DOCUMENTATION_COMMENTS = YES;
				CLANG_WARN_EMPTY_BODY = YES;
				CLANG_WARN_ENUM_CONVERSION = YES;
				CLANG_WARN_INFINITE_RECURSION = YES;
				CLANG_WARN_INT_CONVERSION = YES;
				CLANG_WARN_NON_LITERAL_NULL_CONVERSION = YES;
				CLANG_WARN_OBJC_IMPLICIT_RETAIN_SELF = YES;
				CLANG_WARN_OBJC_LITERAL_CONVERSION = YES;
				CLANG_WARN_OBJC_ROOT_CLASS = YES_ERROR;
				CLANG_WARN_RANGE_LOOP_ANALYSIS = YES;
				CLANG_WARN_STRICT_PROTOTYPES = YES;
				CLANG_WARN_SUSPICIOUS_MOVE = YES;
				CLANG_WARN_UNGUARDED_AVAILABILITY = YES_AGGRESSIVE;
				CLANG_WARN_UNREACHABLE_CODE = YES;
				CLANG_WARN__DUPLICATE_METHOD_MATCH = YES;
				COPY_PHASE_STRIP = NO;
				DEBUG_INFORMATION_FORMAT = dwarf;
				ENABLE_STRICT_OBJC_MSGSEND = YES;
				ENABLE_TESTABILITY = YES;
				GCC_C_LANGUAGE_STANDARD = gnu11;
				GCC_DYNAMIC_NO_PIC = NO;
				GCC_NO_COMMON_BLOCKS = YES;
				GCC_OPTIMIZATION_LEVEL = 0;
				GCC_PREPROCESSOR_DEFINITIONS = (
					"DEBUG=1",
					"$(inherited)",
				);
				GCC_WARN_64_TO_32_BIT_CONVERSION = YES;
				GCC_WARN_ABOUT_RETURN_TYPE = YES_ERROR;
				GCC_WARN_UNDECLARED_SELECTOR = YES;
				GCC_WARN_UNINITIALIZED_AUTOS = YES_AGGRESSIVE;
				GCC_WARN_UNUSED_FUNCTION = YES;
				GCC_WARN_UNUSED_VARIABLE = YES;
				IPHONEOS_DEPLOYMENT_TARGET = 13.2;
				MTL_ENABLE_DEBUG_INFO = INCLUDE_SOURCE;
				MTL_FAST_MATH = YES;
				ONLY_ACTIVE_ARCH = YES;
				SDKROOT = iphoneos;
				SWIFT_ACTIVE_COMPILATION_CONDITIONS = DEBUG;
				SWIFT_OPTIMIZATION_LEVEL = "-Onone";
			};
			name = Debug;
		};
		C550724623DE2205006DFA37 /* Release */ = {
			isa = XCBuildConfiguration;
			buildSettings = {
				ALWAYS_SEARCH_USER_PATHS = NO;
				CLANG_ANALYZER_NONNULL = YES;
				CLANG_ANALYZER_NUMBER_OBJECT_CONVERSION = YES_AGGRESSIVE;
				CLANG_CXX_LANGUAGE_STANDARD = "gnu++14";
				CLANG_CXX_LIBRARY = "libc++";
				CLANG_ENABLE_MODULES = YES;
				CLANG_ENABLE_OBJC_ARC = YES;
				CLANG_ENABLE_OBJC_WEAK = YES;
				CLANG_WARN_BLOCK_CAPTURE_AUTORELEASING = YES;
				CLANG_WARN_BOOL_CONVERSION = YES;
				CLANG_WARN_COMMA = YES;
				CLANG_WARN_CONSTANT_CONVERSION = YES;
				CLANG_WARN_DEPRECATED_OBJC_IMPLEMENTATIONS = YES;
				CLANG_WARN_DIRECT_OBJC_ISA_USAGE = YES_ERROR;
				CLANG_WARN_DOCUMENTATION_COMMENTS = YES;
				CLANG_WARN_EMPTY_BODY = YES;
				CLANG_WARN_ENUM_CONVERSION = YES;
				CLANG_WARN_INFINITE_RECURSION = YES;
				CLANG_WARN_INT_CONVERSION = YES;
				CLANG_WARN_NON_LITERAL_NULL_CONVERSION = YES;
				CLANG_WARN_OBJC_IMPLICIT_RETAIN_SELF = YES;
				CLANG_WARN_OBJC_LITERAL_CONVERSION = YES;
				CLANG_WARN_OBJC_ROOT_CLASS = YES_ERROR;
				CLANG_WARN_RANGE_LOOP_ANALYSIS = YES;
				CLANG_WARN_STRICT_PROTOTYPES = YES;
				CLANG_WARN_SUSPICIOUS_MOVE = YES;
				CLANG_WARN_UNGUARDED_AVAILABILITY = YES_AGGRESSIVE;
				CLANG_WARN_UNREACHABLE_CODE = YES;
				CLANG_WARN__DUPLICATE_METHOD_MATCH = YES;
				COPY_PHASE_STRIP = NO;
				DEBUG_INFORMATION_FORMAT = "dwarf-with-dsym";
				ENABLE_NS_ASSERTIONS = NO;
				ENABLE_STRICT_OBJC_MSGSEND = YES;
				GCC_C_LANGUAGE_STANDARD = gnu11;
				GCC_NO_COMMON_BLOCKS = YES;
				GCC_WARN_64_TO_32_BIT_CONVERSION = YES;
				GCC_WARN_ABOUT_RETURN_TYPE = YES_ERROR;
				GCC_WARN_UNDECLARED_SELECTOR = YES;
				GCC_WARN_UNINITIALIZED_AUTOS = YES_AGGRESSIVE;
				GCC_WARN_UNUSED_FUNCTION = YES;
				GCC_WARN_UNUSED_VARIABLE = YES;
				IPHONEOS_DEPLOYMENT_TARGET = 13.2;
				MTL_ENABLE_DEBUG_INFO = NO;
				MTL_FAST_MATH = YES;
				SDKROOT = iphoneos;
				SWIFT_COMPILATION_MODE = wholemodule;
				SWIFT_OPTIMIZATION_LEVEL = "-O";
				VALIDATE_PRODUCT = YES;
			};
			name = Release;
		};
		C550724823DE2205006DFA37 /* Debug */ = {
			isa = XCBuildConfiguration;
			baseConfigurationReference = B67B1A559C5C9B6D5D31C664 /* Pods-AggieCashStudent.debug.xcconfig */;
			buildSettings = {
				ASSETCATALOG_COMPILER_APPICON_NAME = AppIcon;
				CODE_SIGN_STYLE = Automatic;
				DEVELOPMENT_TEAM = 2J43M5H25R;
				INFOPLIST_FILE = AggieCashStudent/Info.plist;
				LD_RUNPATH_SEARCH_PATHS = (
					"$(inherited)",
					"@executable_path/Frameworks",
				);
				PRODUCT_BUNDLE_IDENTIFIER = com.ucdavis.cs.AggieCashStudent.dc;
				PRODUCT_NAME = "$(TARGET_NAME)";
				SWIFT_VERSION = 5.0;
				TARGETED_DEVICE_FAMILY = "1,2";
			};
			name = Debug;
		};
		C550724923DE2205006DFA37 /* Release */ = {
			isa = XCBuildConfiguration;
			baseConfigurationReference = 7285358FF1621993D1DCDFAC /* Pods-AggieCashStudent.release.xcconfig */;
			buildSettings = {
				ASSETCATALOG_COMPILER_APPICON_NAME = AppIcon;
				CODE_SIGN_STYLE = Automatic;
				DEVELOPMENT_TEAM = 2J43M5H25R;
				INFOPLIST_FILE = AggieCashStudent/Info.plist;
				LD_RUNPATH_SEARCH_PATHS = (
					"$(inherited)",
					"@executable_path/Frameworks",
				);
				PRODUCT_BUNDLE_IDENTIFIER = com.ucdavis.cs.AggieCashStudent.dc;
				PRODUCT_NAME = "$(TARGET_NAME)";
				SWIFT_VERSION = 5.0;
				TARGETED_DEVICE_FAMILY = "1,2";
			};
			name = Release;
		};
/* End XCBuildConfiguration section */

/* Begin XCConfigurationList section */
		C550722E23DE2202006DFA37 /* Build configuration list for PBXProject "AggieCashStudent" */ = {
			isa = XCConfigurationList;
			buildConfigurations = (
				C550724523DE2205006DFA37 /* Debug */,
				C550724623DE2205006DFA37 /* Release */,
			);
			defaultConfigurationIsVisible = 0;
			defaultConfigurationName = Release;
		};
		C550724723DE2205006DFA37 /* Build configuration list for PBXNativeTarget "AggieCashStudent" */ = {
			isa = XCConfigurationList;
			buildConfigurations = (
				C550724823DE2205006DFA37 /* Debug */,
				C550724923DE2205006DFA37 /* Release */,
			);
			defaultConfigurationIsVisible = 0;
			defaultConfigurationName = Release;
		};
/* End XCConfigurationList section */
	};
	rootObject = C550722B23DE2202006DFA37 /* Project object */;
}
